
Microsoft Visual Studio Solution File, Format Version 12.00
# Visual Studio Version 17
VisualStudioVersion = 17.11.35312.102
MinimumVisualStudioVersion = 10.0.40219.1
Project("{FAE04EC0-301F-11D3-BF4B-00C04F79EFBC}") = "taskOne", "taskOne\taskOne.csproj", "{03C99D3D-BEDC-4E15-9D2A-A11936CAB4DB}"
EndProject
Global
	GlobalSection(SolutionConfigurationPlatforms) = preSolution
		Debug|Any CPU = Debug|Any CPU
		Release|Any CPU = Release|Any CPU
	EndGlobalSection
	GlobalSection(ProjectConfigurationPlatforms) = postSolution
		{03C99D3D-BEDC-4E15-9D2A-A11936CAB4DB}.Debug|Any CPU.ActiveCfg = Debug|Any CPU
		{03C99D3D-BEDC-4E15-9D2A-A11936CAB4DB}.Debug|Any CPU.Build.0 = Debug|Any CPU
		{03C99D3D-BEDC-4E15-9D2A-A11936CAB4DB}.Release|Any CPU.ActiveCfg = Release|Any CPU
		{03C99D3D-BEDC-4E15-9D2A-A11936CAB4DB}.Release|Any CPU.Build.0 = Release|Any CPU
	EndGlobalSection
	GlobalSection(SolutionProperties) = preSolution
		HideSolutionNode = FALSE
	EndGlobalSection
	GlobalSection(ExtensibilityGlobals) = postSolution
		SolutionGuid = {8F5A13E4-6AB6-46BE-A468-DAE43148EF49}
	EndGlobalSection
EndGlobal
